
Microsoft Visual Studio Solution File, Format Version 12.00
# Visual Studio Version 17
VisualStudioVersion = 17.10.35122.118
MinimumVisualStudioVersion = 10.0.40219.1
Project("{FAE04EC0-301F-11D3-BF4B-00C04F79EFBC}") = "TargetLex", "TargetLex\TargetLex.csproj", "{C76E4416-B18C-4E39-A716-9F1289B50FB3}"
EndProject
Global
	GlobalSection(SolutionConfigurationPlatforms) = preSolution
		Debug|Any CPU = Debug|Any CPU
		Release|Any CPU = Release|Any CPU
	EndGlobalSection
	GlobalSection(ProjectConfigurationPlatforms) = postSolution
		{C76E4416-B18C-4E39-A716-9F1289B50FB3}.Debug|Any CPU.ActiveCfg = Debug|Any CPU
		{C76E4416-B18C-4E39-A716-9F1289B50FB3}.Debug|Any CPU.Build.0 = Debug|Any CPU
		{C76E4416-B18C-4E39-A716-9F1289B50FB3}.Release|Any CPU.ActiveCfg = Release|Any CPU
		{C76E4416-B18C-4E39-A716-9F1289B50FB3}.Release|Any CPU.Build.0 = Release|Any CPU
	EndGlobalSection
	GlobalSection(SolutionProperties) = preSolution
		HideSolutionNode = FALSE
	EndGlobalSection
	GlobalSection(ExtensibilityGlobals) = postSolution
		SolutionGuid = {14D21DC8-6FCA-4023-8EB2-E19A5287E123}
	EndGlobalSection
EndGlobal
